
Microsoft Visual Studio Solution File, Format Version 12.00
# Visual Studio Version 16
VisualStudioVersion = 16.0.34601.136
MinimumVisualStudioVersion = 10.0.40219.1
Project("{FAE04EC0-301F-11D3-BF4B-00C04F79EFBC}") = "form0406", "form0406\form0406.csproj", "{7BC6E164-2F05-4A13-9862-BE92765C74B5}"
EndProject
Global
	GlobalSection(SolutionConfigurationPlatforms) = preSolution
		Debug|Any CPU = Debug|Any CPU
		Release|Any CPU = Release|Any CPU
	EndGlobalSection
	GlobalSection(ProjectConfigurationPlatforms) = postSolution
		{7BC6E164-2F05-4A13-9862-BE92765C74B5}.Debug|Any CPU.ActiveCfg = Debug|Any CPU
		{7BC6E164-2F05-4A13-9862-BE92765C74B5}.Debug|Any CPU.Build.0 = Debug|Any CPU
		{7BC6E164-2F05-4A13-9862-BE92765C74B5}.Release|Any CPU.ActiveCfg = Release|Any CPU
		{7BC6E164-2F05-4A13-9862-BE92765C74B5}.Release|Any CPU.Build.0 = Release|Any CPU
	EndGlobalSection
	GlobalSection(SolutionProperties) = preSolution
		HideSolutionNode = FALSE
	EndGlobalSection
	GlobalSection(ExtensibilityGlobals) = postSolution
		SolutionGuid = {D4D2A7F7-98E0-463D-ACF3-58F427E108E9}
	EndGlobalSection
EndGlobal
