
Microsoft Visual Studio Solution File, Format Version 12.00
# Visual Studio 15
VisualStudioVersion = 15.0.34930.48
MinimumVisualStudioVersion = 10.0.40219.1
Project("{FAE04EC0-301F-11D3-BF4B-00C04F79EFBC}") = "电离层改正722", "电离层改正722\电离层改正722.csproj", "{75D910D8-64F0-4034-B4F3-344F90ACCAA4}"
EndProject
Global
	GlobalSection(SolutionConfigurationPlatforms) = preSolution
		Debug|Any CPU = Debug|Any CPU
		Release|Any CPU = Release|Any CPU
	EndGlobalSection
	GlobalSection(ProjectConfigurationPlatforms) = postSolution
		{75D910D8-64F0-4034-B4F3-344F90ACCAA4}.Debug|Any CPU.ActiveCfg = Debug|Any CPU
		{75D910D8-64F0-4034-B4F3-344F90ACCAA4}.Debug|Any CPU.Build.0 = Debug|Any CPU
		{75D910D8-64F0-4034-B4F3-344F90ACCAA4}.Release|Any CPU.ActiveCfg = Release|Any CPU
		{75D910D8-64F0-4034-B4F3-344F90ACCAA4}.Release|Any CPU.Build.0 = Release|Any CPU
	EndGlobalSection
	GlobalSection(SolutionProperties) = preSolution
		HideSolutionNode = FALSE
	EndGlobalSection
	GlobalSection(ExtensibilityGlobals) = postSolution
		SolutionGuid = {8ECC8AC2-7007-4865-AB9B-E6230F1E9436}
	EndGlobalSection
EndGlobal
