
Microsoft Visual Studio Solution File, Format Version 12.00
# Visual Studio 15
VisualStudioVersion = 15.0.34930.48
MinimumVisualStudioVersion = 10.0.40219.1
Project("{FAE04EC0-301F-11D3-BF4B-00C04F79EFBC}") = "矩阵计算", "矩阵计算\矩阵计算.csproj", "{DDD0AA42-8EA7-4C0F-B6E5-80851254FB15}"
EndProject
Global
	GlobalSection(SolutionConfigurationPlatforms) = preSolution
		Debug|Any CPU = Debug|Any CPU
		Release|Any CPU = Release|Any CPU
	EndGlobalSection
	GlobalSection(ProjectConfigurationPlatforms) = postSolution
		{DDD0AA42-8EA7-4C0F-B6E5-80851254FB15}.Debug|Any CPU.ActiveCfg = Debug|Any CPU
		{DDD0AA42-8EA7-4C0F-B6E5-80851254FB15}.Debug|Any CPU.Build.0 = Debug|Any CPU
		{DDD0AA42-8EA7-4C0F-B6E5-80851254FB15}.Release|Any CPU.ActiveCfg = Release|Any CPU
		{DDD0AA42-8EA7-4C0F-B6E5-80851254FB15}.Release|Any CPU.Build.0 = Release|Any CPU
	EndGlobalSection
	GlobalSection(SolutionProperties) = preSolution
		HideSolutionNode = FALSE
	EndGlobalSection
	GlobalSection(ExtensibilityGlobals) = postSolution
		SolutionGuid = {B1BCC650-4C75-4289-86D5-7CFB5E28C70D}
	EndGlobalSection
EndGlobal
