
Microsoft Visual Studio Solution File, Format Version 12.00
# Visual Studio Version 16
VisualStudioVersion = 16.0.34601.136
MinimumVisualStudioVersion = 10.0.40219.1
Project("{FAE04EC0-301F-11D3-BF4B-00C04F79EFBC}") = "纵横断面计算", "纵横断面计算\纵横断面计算.csproj", "{EEBFF957-DD16-45C8-A760-088BF643BD61}"
EndProject
Global
	GlobalSection(SolutionConfigurationPlatforms) = preSolution
		Debug|Any CPU = Debug|Any CPU
		Release|Any CPU = Release|Any CPU
	EndGlobalSection
	GlobalSection(ProjectConfigurationPlatforms) = postSolution
		{EEBFF957-DD16-45C8-A760-088BF643BD61}.Debug|Any CPU.ActiveCfg = Debug|Any CPU
		{EEBFF957-DD16-45C8-A760-088BF643BD61}.Debug|Any CPU.Build.0 = Debug|Any CPU
		{EEBFF957-DD16-45C8-A760-088BF643BD61}.Release|Any CPU.ActiveCfg = Release|Any CPU
		{EEBFF957-DD16-45C8-A760-088BF643BD61}.Release|Any CPU.Build.0 = Release|Any CPU
	EndGlobalSection
	GlobalSection(SolutionProperties) = preSolution
		HideSolutionNode = FALSE
	EndGlobalSection
	GlobalSection(ExtensibilityGlobals) = postSolution
		SolutionGuid = {CE350FE7-A760-4078-846C-28D568606E31}
	EndGlobalSection
EndGlobal
