
Microsoft Visual Studio Solution File, Format Version 12.00
# Visual Studio Version 16
VisualStudioVersion = 16.0.34601.136
MinimumVisualStudioVersion = 10.0.40219.1
Project("{FAE04EC0-301F-11D3-BF4B-00C04F79EFBC}") = "studentManager", "studentManager\studentManager.csproj", "{CA4786D2-A57C-4497-B708-1D0737C747FB}"
EndProject
Global
	GlobalSection(SolutionConfigurationPlatforms) = preSolution
		Debug|Any CPU = Debug|Any CPU
		Release|Any CPU = Release|Any CPU
	EndGlobalSection
	GlobalSection(ProjectConfigurationPlatforms) = postSolution
		{CA4786D2-A57C-4497-B708-1D0737C747FB}.Debug|Any CPU.ActiveCfg = Debug|Any CPU
		{CA4786D2-A57C-4497-B708-1D0737C747FB}.Debug|Any CPU.Build.0 = Debug|Any CPU
		{CA4786D2-A57C-4497-B708-1D0737C747FB}.Release|Any CPU.ActiveCfg = Release|Any CPU
		{CA4786D2-A57C-4497-B708-1D0737C747FB}.Release|Any CPU.Build.0 = Release|Any CPU
	EndGlobalSection
	GlobalSection(SolutionProperties) = preSolution
		HideSolutionNode = FALSE
	EndGlobalSection
	GlobalSection(ExtensibilityGlobals) = postSolution
		SolutionGuid = {6092133E-7F46-459C-940D-A9E7DBAE6236}
	EndGlobalSection
EndGlobal
