
Microsoft Visual Studio Solution File, Format Version 12.00
# Visual Studio 15
VisualStudioVersion = 15.0.34930.48
MinimumVisualStudioVersion = 10.0.40219.1
Project("{FAE04EC0-301F-11D3-BF4B-00C04F79EFBC}") = "对流层改正练习720", "对流层改正练习720\对流层改正练习720.csproj", "{1719546D-E0E3-4FDE-9395-3A8E386A7A6E}"
EndProject
Global
	GlobalSection(SolutionConfigurationPlatforms) = preSolution
		Debug|Any CPU = Debug|Any CPU
		Release|Any CPU = Release|Any CPU
	EndGlobalSection
	GlobalSection(ProjectConfigurationPlatforms) = postSolution
		{1719546D-E0E3-4FDE-9395-3A8E386A7A6E}.Debug|Any CPU.ActiveCfg = Debug|Any CPU
		{1719546D-E0E3-4FDE-9395-3A8E386A7A6E}.Debug|Any CPU.Build.0 = Debug|Any CPU
		{1719546D-E0E3-4FDE-9395-3A8E386A7A6E}.Release|Any CPU.ActiveCfg = Release|Any CPU
		{1719546D-E0E3-4FDE-9395-3A8E386A7A6E}.Release|Any CPU.Build.0 = Release|Any CPU
	EndGlobalSection
	GlobalSection(SolutionProperties) = preSolution
		HideSolutionNode = FALSE
	EndGlobalSection
	GlobalSection(ExtensibilityGlobals) = postSolution
		SolutionGuid = {CC90B71A-ADE5-48F4-81B1-EE5D5487FC72}
	EndGlobalSection
EndGlobal
