
Microsoft Visual Studio Solution File, Format Version 12.00
# Visual Studio 15
VisualStudioVersion = 15.0.34930.48
MinimumVisualStudioVersion = 10.0.40219.1
Project("{FAE04EC0-301F-11D3-BF4B-00C04F79EFBC}") = "第三次模拟", "第三次模拟\第三次模拟.csproj", "{F050C135-0F53-42EF-9AEC-07DEC13E1356}"
EndProject
Global
	GlobalSection(SolutionConfigurationPlatforms) = preSolution
		Debug|Any CPU = Debug|Any CPU
		Release|Any CPU = Release|Any CPU
	EndGlobalSection
	GlobalSection(ProjectConfigurationPlatforms) = postSolution
		{F050C135-0F53-42EF-9AEC-07DEC13E1356}.Debug|Any CPU.ActiveCfg = Debug|Any CPU
		{F050C135-0F53-42EF-9AEC-07DEC13E1356}.Debug|Any CPU.Build.0 = Debug|Any CPU
		{F050C135-0F53-42EF-9AEC-07DEC13E1356}.Release|Any CPU.ActiveCfg = Release|Any CPU
		{F050C135-0F53-42EF-9AEC-07DEC13E1356}.Release|Any CPU.Build.0 = Release|Any CPU
	EndGlobalSection
	GlobalSection(SolutionProperties) = preSolution
		HideSolutionNode = FALSE
	EndGlobalSection
	GlobalSection(ExtensibilityGlobals) = postSolution
		SolutionGuid = {478C7F4B-7088-4CA4-8F38-6F7B692E65B4}
	EndGlobalSection
EndGlobal
