
Microsoft Visual Studio Solution File, Format Version 12.00
# Visual Studio 15
VisualStudioVersion = 15.0.34930.48
MinimumVisualStudioVersion = 10.0.40219.1
Project("{FAE04EC0-301F-11D3-BF4B-00C04F79EFBC}") = "大地测试", "大地测试\大地测试.csproj", "{40A9A9E7-08CC-40F0-843A-625E4A2524EE}"
EndProject
Global
	GlobalSection(SolutionConfigurationPlatforms) = preSolution
		Debug|Any CPU = Debug|Any CPU
		Release|Any CPU = Release|Any CPU
	EndGlobalSection
	GlobalSection(ProjectConfigurationPlatforms) = postSolution
		{40A9A9E7-08CC-40F0-843A-625E4A2524EE}.Debug|Any CPU.ActiveCfg = Debug|Any CPU
		{40A9A9E7-08CC-40F0-843A-625E4A2524EE}.Debug|Any CPU.Build.0 = Debug|Any CPU
		{40A9A9E7-08CC-40F0-843A-625E4A2524EE}.Release|Any CPU.ActiveCfg = Release|Any CPU
		{40A9A9E7-08CC-40F0-843A-625E4A2524EE}.Release|Any CPU.Build.0 = Release|Any CPU
	EndGlobalSection
	GlobalSection(SolutionProperties) = preSolution
		HideSolutionNode = FALSE
	EndGlobalSection
	GlobalSection(ExtensibilityGlobals) = postSolution
		SolutionGuid = {82CE32DF-EDC6-4BCB-954B-13DC72FAB9DF}
	EndGlobalSection
EndGlobal
