
Microsoft Visual Studio Solution File, Format Version 12.00
# Visual Studio Version 16
VisualStudioVersion = 16.0.34601.136
MinimumVisualStudioVersion = 10.0.40219.1
Project("{FAE04EC0-301F-11D3-BF4B-00C04F79EFBC}") = "protect0426", "protect0426\protect0426.csproj", "{FDBF9A7D-11E9-4582-8FB5-CCDD1F1BE49C}"
EndProject
Global
	GlobalSection(SolutionConfigurationPlatforms) = preSolution
		Debug|Any CPU = Debug|Any CPU
		Release|Any CPU = Release|Any CPU
	EndGlobalSection
	GlobalSection(ProjectConfigurationPlatforms) = postSolution
		{FDBF9A7D-11E9-4582-8FB5-CCDD1F1BE49C}.Debug|Any CPU.ActiveCfg = Debug|Any CPU
		{FDBF9A7D-11E9-4582-8FB5-CCDD1F1BE49C}.Debug|Any CPU.Build.0 = Debug|Any CPU
		{FDBF9A7D-11E9-4582-8FB5-CCDD1F1BE49C}.Release|Any CPU.ActiveCfg = Release|Any CPU
		{FDBF9A7D-11E9-4582-8FB5-CCDD1F1BE49C}.Release|Any CPU.Build.0 = Release|Any CPU
	EndGlobalSection
	GlobalSection(SolutionProperties) = preSolution
		HideSolutionNode = FALSE
	EndGlobalSection
	GlobalSection(ExtensibilityGlobals) = postSolution
		SolutionGuid = {81E760D6-A82F-46F4-8D87-92677EA56254}
	EndGlobalSection
EndGlobal
